
Microsoft Visual Studio Solution File, Format Version 12.00
# Visual Studio 14
VisualStudioVersion = 14.0.25420.1
MinimumVisualStudioVersion = 10.0.40219.1
Project("{FAE04EC0-301F-11D3-BF4B-00C04F79EFBC}") = "LeaveWorkSln", "WebApplication1\LeaveWorkSln.csproj", "{93666FD5-6217-449D-B615-0013A7867607}"
EndProject
Project("{FAE04EC0-301F-11D3-BF4B-00C04F79EFBC}") = "WebApplication1.Tests", "WebApplication1.Tests\WebApplication1.Tests.csproj", "{C04C9BAE-63E3-44C9-B6ED-DD07CC2AA536}"
EndProject
Global
	GlobalSection(SolutionConfigurationPlatforms) = preSolution
		Debug|Any CPU = Debug|Any CPU
		Release|Any CPU = Release|Any CPU
	EndGlobalSection
	GlobalSection(ProjectConfigurationPlatforms) = postSolution
		{93666FD5-6217-449D-B615-0013A7867607}.Debug|Any CPU.ActiveCfg = Debug|Any CPU
		{93666FD5-6217-449D-B615-0013A7867607}.Debug|Any CPU.Build.0 = Debug|Any CPU
		{93666FD5-6217-449D-B615-0013A7867607}.Release|Any CPU.ActiveCfg = Release|Any CPU
		{93666FD5-6217-449D-B615-0013A7867607}.Release|Any CPU.Build.0 = Release|Any CPU
		{C04C9BAE-63E3-44C9-B6ED-DD07CC2AA536}.Debug|Any CPU.ActiveCfg = Debug|Any CPU
		{C04C9BAE-63E3-44C9-B6ED-DD07CC2AA536}.Debug|Any CPU.Build.0 = Debug|Any CPU
		{C04C9BAE-63E3-44C9-B6ED-DD07CC2AA536}.Release|Any CPU.ActiveCfg = Release|Any CPU
		{C04C9BAE-63E3-44C9-B6ED-DD07CC2AA536}.Release|Any CPU.Build.0 = Release|Any CPU
	EndGlobalSection
	GlobalSection(SolutionProperties) = preSolution
		HideSolutionNode = FALSE
	EndGlobalSection
EndGlobal
